dependencies:
  discord.js: 11.5.1
  discord.js-commando: 0.10.0_discord.js@11.5.1
  dotenv: 8.2.0
  query-string: 6.8.3
  r2: 2.0.1
lockfileVersion: 5.1
packages:
  /async-limiter/1.0.1:
    dev: false
    resolution:
      integrity: sha512-csOlWGAcRFJaI6m+F2WKdnMKr4HhdhFVBk0H/QbJFMCr+uO2kwohwXQPxw/9OCxp05r5ghVBFSyioixx3gfkNQ==
  /caseless/0.12.0:
    dev: false
    resolution:
      integrity: sha1-G2gcIf+EAzyCZUMJBolCDRhxUdw=
  /common-tags/1.8.0:
    dev: false
    engines:
      node: '>=4.0.0'
    resolution:
      integrity: sha512-6P6g0uetGpW/sdyUy/iQQCbFF0kWVMSIVSyYz7Zgjcgh8mgw8PQzDNZeyZ5DQ2gM7LBoZPHmnjz8rUthkBG5tw==
  /decode-uri-component/0.2.0:
    dev: false
    engines:
      node: '>=0.10'
    resolution:
      integrity: sha1-6zkTMzRYd1y4TNGh+uBiEGu4dUU=
  /discord.js-commando/0.10.0_discord.js@11.5.1:
    dependencies:
      common-tags: 1.8.0
      discord.js: 11.5.1
      escape-string-regexp: 1.0.5
      require-all: 2.2.0
    dev: false
    engines:
      node: '>=7.6.0'
    peerDependencies:
      discord.js: ^11.2.0
      sqlite: ^2.0.0
    resolution:
      integrity: sha1-v6mL8zEIcDdvPHoNe3Nqaj5dCg8=
  /discord.js/11.5.1:
    dependencies:
      long: 4.0.0
      prism-media: 0.0.3
      snekfetch: 3.6.4
      tweetnacl: 1.0.1
      ws: 6.2.1
    dev: false
    engines:
      node: '>=6.0.0'
    peerDependencies:
      '@discordjs/uws': ^10.149.0
      bufferutil: ^4.0.0
      erlpack: discordapp/erlpack
      libsodium-wrappers: ^0.7.3
      node-opus: ^0.2.7
      opusscript: ^0.0.6
      sodium: ^2.0.3
    resolution:
      integrity: sha512-tGhV5xaZXE3Z+4uXJb3hYM6gQ1NmnSxp9PClcsSAYFVRzH6AJH74040mO3afPDMWEAlj8XsoPXXTJHTxesqcGw==
  /dotenv/8.2.0:
    dev: false
    engines:
      node: '>=8'
    resolution:
      integrity: sha512-8sJ78ElpbDJBHNeBzUbUVLsqKdccaa/BXF1uPTw3GrvQTBgrQrtObr2mUrE38vzYd8cEv+m/JBfDLioYcfXoaw==
  /escape-string-regexp/1.0.5:
    dev: false
    engines:
      node: '>=0.8.0'
    resolution:
      integrity: sha1-G2HAViGQqN/2rjuyzwIAyhMLhtQ=
  /is-typedarray/1.0.0:
    dev: false
    resolution:
      integrity: sha1-5HnICFjfDBsR3dppQPlgEfzaSpo=
  /long/4.0.0:
    dev: false
    resolution:
      integrity: sha512-XsP+KhQif4bjX1kbuSiySJFNAehNxgLb6hPRGJ9QsUr8ajHkuXGdrHmFUTUUXhDwVX2R5bY4JNZEwbUiMhV+MA==
  /node-fetch/2.6.0:
    dev: false
    engines:
      node: 4.x || >=6.0.0
    resolution:
      integrity: sha512-8dG4H5ujfvFiqDmVu9fQ5bOHUC15JMjMY/Zumv26oOvvVJjM67KF8koCWIabKQ1GJIa9r2mMZscBq/TbdOcmNA==
  /prism-media/0.0.3:
    dev: false
    resolution:
      integrity: sha512-c9KkNifSMU/iXT8FFTaBwBMr+rdVcN+H/uNv1o+CuFeTThNZNTOrQ+RgXA1yL/DeLk098duAeRPP3QNPNbhxYQ==
  /query-string/6.8.3:
    dependencies:
      decode-uri-component: 0.2.0
      split-on-first: 1.1.0
      strict-uri-encode: 2.0.0
    dev: false
    engines:
      node: '>=6'
    resolution:
      integrity: sha512-llcxWccnyaWlODe7A9hRjkvdCKamEKTh+wH8ITdTc3OhchaqUZteiSCX/2ablWHVrkVIe04dntnaZJ7BdyW0lQ==
  /r2/2.0.1:
    dependencies:
      caseless: 0.12.0
      node-fetch: 2.6.0
      typedarray-to-buffer: 3.1.5
    dev: false
    resolution:
      integrity: sha512-EEmxoxYCe3LHzAUhRIRxdCKERpeRNmlLj6KLUSORqnK6dWl/K5ShmDGZqM2lRZQeqJgF+wyqk0s1M7SWUveNOQ==
  /require-all/2.2.0:
    dev: false
    resolution:
      integrity: sha1-tEIMIzrAKC0P9Jsnf7iAqLXeCJQ=
  /snekfetch/3.6.4:
    deprecated: use node-fetch instead
    dev: false
    resolution:
      integrity: sha512-NjxjITIj04Ffqid5lqr7XdgwM7X61c/Dns073Ly170bPQHLm6jkmelye/eglS++1nfTWktpP6Y2bFXjdPlQqdw==
  /split-on-first/1.1.0:
    dev: false
    engines:
      node: '>=6'
    resolution:
      integrity: sha512-43ZssAJaMusuKWL8sKUBQXHWOpq8d6CfN/u1p4gUzfJkM05C8rxTmYrkIPTXapZpORA6LkkzcUulJ8FqA7Uudw==
  /strict-uri-encode/2.0.0:
    dev: false
    engines:
      node: '>=4'
    resolution:
      integrity: sha1-ucczDHBChi9rFC3CdLvMWGbONUY=
  /tweetnacl/1.0.1:
    dev: false
    resolution:
      integrity: sha512-kcoMoKTPYnoeS50tzoqjPY3Uv9axeuuFAZY9M/9zFnhoVvRfxz9K29IMPD7jGmt2c8SW7i3gT9WqDl2+nV7p4A==
  /typedarray-to-buffer/3.1.5:
    dependencies:
      is-typedarray: 1.0.0
    dev: false
    resolution:
      integrity: sha512-zdu8XMNEDepKKR+XYOXAVPtWui0ly0NtohUscw+UmaHiAWT8hrV1rr//H6V+0DvJ3OQ19S979M0laLfX8rm82Q==
  /ws/6.2.1:
    dependencies:
      async-limiter: 1.0.1
    dev: false
    resolution:
      integrity: sha512-GIyAXC2cB7LjvpgMt9EKS2ldqr0MTrORaleiOno6TweZ6r3TKtoFQWay/2PceJ3RuBasOHzXNn5Lrw1X0bEjqA==
specifiers:
  discord.js: ^11.4.2
  discord.js-commando: ^0.10.0
  dotenv: ^8.2.0
  query-string: ^6.1.0
  r2: ^2.0.1
